
Microsoft Visual Studio Solution File, Format Version 12.00
# Visual Studio Version 17
VisualStudioVersion = 17.11.35312.102
MinimumVisualStudioVersion = 10.0.40219.1
Project("{FAE04EC0-301F-11D3-BF4B-00C04F79EFBC}") = "Librarian", "DZ_Lesson_37_ObservableImmutableConcurrent\Librarian.csproj", "{78A82D29-3393-4E91-9286-84C8E456B3AB}"
EndProject
Project("{FAE04EC0-301F-11D3-BF4B-00C04F79EFBC}") = "RegularCustomer", "RegularCustomer\RegularCustomer.csproj", "{B289F329-C131-4F21-ADB4-457CC01C5B23}"
EndProject
Project("{FAE04EC0-301F-11D3-BF4B-00C04F79EFBC}") = "TheHouseThatJackBuilt", "TheHouseThatJackBuilt\TheHouseThatJackBuilt.csproj", "{4EB6EA50-4437-427C-AC92-CCFE0FFE8F52}"
EndProject
Global
	GlobalSection(SolutionConfigurationPlatforms) = preSolution
		Debug|Any CPU = Debug|Any CPU
		Release|Any CPU = Release|Any CPU
	EndGlobalSection
	GlobalSection(ProjectConfigurationPlatforms) = postSolution
		{78A82D29-3393-4E91-9286-84C8E456B3AB}.Debug|Any CPU.ActiveCfg = Debug|Any CPU
		{78A82D29-3393-4E91-9286-84C8E456B3AB}.Debug|Any CPU.Build.0 = Debug|Any CPU
		{78A82D29-3393-4E91-9286-84C8E456B3AB}.Release|Any CPU.ActiveCfg = Release|Any CPU
		{78A82D29-3393-4E91-9286-84C8E456B3AB}.Release|Any CPU.Build.0 = Release|Any CPU
		{B289F329-C131-4F21-ADB4-457CC01C5B23}.Debug|Any CPU.ActiveCfg = Debug|Any CPU
		{B289F329-C131-4F21-ADB4-457CC01C5B23}.Debug|Any CPU.Build.0 = Debug|Any CPU
		{B289F329-C131-4F21-ADB4-457CC01C5B23}.Release|Any CPU.ActiveCfg = Release|Any CPU
		{B289F329-C131-4F21-ADB4-457CC01C5B23}.Release|Any CPU.Build.0 = Release|Any CPU
		{4EB6EA50-4437-427C-AC92-CCFE0FFE8F52}.Debug|Any CPU.ActiveCfg = Debug|Any CPU
		{4EB6EA50-4437-427C-AC92-CCFE0FFE8F52}.Debug|Any CPU.Build.0 = Debug|Any CPU
		{4EB6EA50-4437-427C-AC92-CCFE0FFE8F52}.Release|Any CPU.ActiveCfg = Release|Any CPU
		{4EB6EA50-4437-427C-AC92-CCFE0FFE8F52}.Release|Any CPU.Build.0 = Release|Any CPU
	EndGlobalSection
	GlobalSection(SolutionProperties) = preSolution
		HideSolutionNode = FALSE
	EndGlobalSection
	GlobalSection(ExtensibilityGlobals) = postSolution
		SolutionGuid = {91FCEDFC-0701-4F05-96F0-1339ECF19253}
	EndGlobalSection
EndGlobal
